
Microsoft Visual Studio Solution File, Format Version 12.00
# Visual Studio Version 17
VisualStudioVersion = 17.14.37012.4 d17.14
MinimumVisualStudioVersion = 10.0.40219.1
Project("{FAE04EC0-301F-11D3-BF4B-00C04F79EFBC}") = "ConsoleApp20", "ConsoleApp20.csproj", "{9C31B66E-AF52-40AE-9ABB-89DAB83FE8BD}"
EndProject
Project("{FAE04EC0-301F-11D3-BF4B-00C04F79EFBC}") = "ConsoleApp20.Logic", "..\ConsoleApp20.Logic\ConsoleApp20.Logic.csproj", "{9917033A-8205-4B6D-BB1F-C42658F5AA62}"
EndProject
Project("{FAE04EC0-301F-11D3-BF4B-00C04F79EFBC}") = "ConsoleApp20.Tests", "..\ConsoleApp20.Tests\ConsoleApp20.Tests.csproj", "{C4B9F9F5-CCB8-405E-8CDF-79150129AA59}"
EndProject
Global
	GlobalSection(SolutionConfigurationPlatforms) = preSolution
		Debug|Any CPU = Debug|Any CPU
		Release|Any CPU = Release|Any CPU
	EndGlobalSection
	GlobalSection(ProjectConfigurationPlatforms) = postSolution
		{9C31B66E-AF52-40AE-9ABB-89DAB83FE8BD}.Debug|Any CPU.ActiveCfg = Debug|Any CPU
		{9C31B66E-AF52-40AE-9ABB-89DAB83FE8BD}.Debug|Any CPU.Build.0 = Debug|Any CPU
		{9C31B66E-AF52-40AE-9ABB-89DAB83FE8BD}.Release|Any CPU.ActiveCfg = Release|Any CPU
		{9C31B66E-AF52-40AE-9ABB-89DAB83FE8BD}.Release|Any CPU.Build.0 = Release|Any CPU
		{9917033A-8205-4B6D-BB1F-C42658F5AA62}.Debug|Any CPU.ActiveCfg = Debug|Any CPU
		{9917033A-8205-4B6D-BB1F-C42658F5AA62}.Debug|Any CPU.Build.0 = Debug|Any CPU
		{9917033A-8205-4B6D-BB1F-C42658F5AA62}.Release|Any CPU.ActiveCfg = Release|Any CPU
		{9917033A-8205-4B6D-BB1F-C42658F5AA62}.Release|Any CPU.Build.0 = Release|Any CPU
		{C4B9F9F5-CCB8-405E-8CDF-79150129AA59}.Debug|Any CPU.ActiveCfg = Debug|Any CPU
		{C4B9F9F5-CCB8-405E-8CDF-79150129AA59}.Debug|Any CPU.Build.0 = Debug|Any CPU
		{C4B9F9F5-CCB8-405E-8CDF-79150129AA59}.Release|Any CPU.ActiveCfg = Release|Any CPU
		{C4B9F9F5-CCB8-405E-8CDF-79150129AA59}.Release|Any CPU.Build.0 = Release|Any CPU
	EndGlobalSection
	GlobalSection(SolutionProperties) = preSolution
		HideSolutionNode = FALSE
	EndGlobalSection
	GlobalSection(ExtensibilityGlobals) = postSolution
		SolutionGuid = {AE70D56B-F18F-4652-9AD7-C0A8C051609A}
	EndGlobalSection
EndGlobal
